
Microsoft Visual Studio Solution File, Format Version 12.00
# Visual Studio Version 17
VisualStudioVersion = 17.11.35208.52
MinimumVisualStudioVersion = 10.0.40219.1
Project("{9A19103F-16F7-4668-BE54-9A1E7A4F7556}") = "Windows_Assist_V1", "Windows_Assist_V1\Windows_Assist_V1.csproj", "{9AB28764-ADFE-48EB-B7AB-AE3B8EA6D098}"
EndProject
Global
	GlobalSection(SolutionConfigurationPlatforms) = preSolution
		Debug|Any CPU = Debug|Any CPU
		Release|Any CPU = Release|Any CPU
	EndGlobalSection
	GlobalSection(ProjectConfigurationPlatforms) = postSolution
		{9AB28764-ADFE-48EB-B7AB-AE3B8EA6D098}.Debug|Any CPU.ActiveCfg = Debug|Any CPU
		{9AB28764-ADFE-48EB-B7AB-AE3B8EA6D098}.Debug|Any CPU.Build.0 = Debug|Any CPU
		{9AB28764-ADFE-48EB-B7AB-AE3B8EA6D098}.Release|Any CPU.ActiveCfg = Release|Any CPU
		{9AB28764-ADFE-48EB-B7AB-AE3B8EA6D098}.Release|Any CPU.Build.0 = Release|Any CPU
	EndGlobalSection
	GlobalSection(SolutionProperties) = preSolution
		HideSolutionNode = FALSE
	EndGlobalSection
	GlobalSection(ExtensibilityGlobals) = postSolution
		SolutionGuid = {8BA7B85E-70E3-4A32-B4F4-7CEEA7BBC8EA}
	EndGlobalSection
EndGlobal
